
Microsoft Visual Studio Solution File, Format Version 12.00
# Visual Studio Version 17
VisualStudioVersion = 17.5.33516.290
MinimumVisualStudioVersion = 10.0.40219.1
Project("{9A19103F-16F7-4668-BE54-9A1E7A4F7556}") = "BulkyWeb", "BulkyWeb\BulkyWeb.csproj", "{7F349267-CA4A-482C-86BB-37B25922D00C}"
EndProject
Project("{FAE04EC0-301F-11D3-BF4B-00C04F79EFBC}") = "Bulky.DataAccess", "Bulky.DataAccess\Bulky.DataAccess.csproj", "{D117B972-DADE-4A86-8811-034E62778EA3}"
EndProject
Project("{FAE04EC0-301F-11D3-BF4B-00C04F79EFBC}") = "Bulky.Models", "Bulky.Models\Bulky.Models.csproj", "{EE3B5678-8C54-4698-8F09-30D5B51320B4}"
EndProject
Project("{FAE04EC0-301F-11D3-BF4B-00C04F79EFBC}") = "Bulky.Utility", "Bulky.Utility\Bulky.Utility.csproj", "{8050D391-2F49-436B-BF1E-7FB751DE9EFD}"
EndProject
Global
	GlobalSection(SolutionConfigurationPlatforms) = preSolution
		Debug|Any CPU = Debug|Any CPU
		Release|Any CPU = Release|Any CPU
	EndGlobalSection
	GlobalSection(ProjectConfigurationPlatforms) = postSolution
		{7F349267-CA4A-482C-86BB-37B25922D00C}.Debug|Any CPU.ActiveCfg = Debug|Any CPU
		{7F349267-CA4A-482C-86BB-37B25922D00C}.Debug|Any CPU.Build.0 = Debug|Any CPU
		{7F349267-CA4A-482C-86BB-37B25922D00C}.Release|Any CPU.ActiveCfg = Release|Any CPU
		{7F349267-CA4A-482C-86BB-37B25922D00C}.Release|Any CPU.Build.0 = Release|Any CPU
		{D117B972-DADE-4A86-8811-034E62778EA3}.Debug|Any CPU.ActiveCfg = Debug|Any CPU
		{D117B972-DADE-4A86-8811-034E62778EA3}.Debug|Any CPU.Build.0 = Debug|Any CPU
		{D117B972-DADE-4A86-8811-034E62778EA3}.Release|Any CPU.ActiveCfg = Release|Any CPU
		{D117B972-DADE-4A86-8811-034E62778EA3}.Release|Any CPU.Build.0 = Release|Any CPU
		{EE3B5678-8C54-4698-8F09-30D5B51320B4}.Debug|Any CPU.ActiveCfg = Debug|Any CPU
		{EE3B5678-8C54-4698-8F09-30D5B51320B4}.Debug|Any CPU.Build.0 = Debug|Any CPU
		{EE3B5678-8C54-4698-8F09-30D5B51320B4}.Release|Any CPU.ActiveCfg = Release|Any CPU
		{EE3B5678-8C54-4698-8F09-30D5B51320B4}.Release|Any CPU.Build.0 = Release|Any CPU
		{8050D391-2F49-436B-BF1E-7FB751DE9EFD}.Debug|Any CPU.ActiveCfg = Debug|Any CPU
		{8050D391-2F49-436B-BF1E-7FB751DE9EFD}.Debug|Any CPU.Build.0 = Debug|Any CPU
		{8050D391-2F49-436B-BF1E-7FB751DE9EFD}.Release|Any CPU.ActiveCfg = Release|Any CPU
		{8050D391-2F49-436B-BF1E-7FB751DE9EFD}.Release|Any CPU.Build.0 = Release|Any CPU
	EndGlobalSection
	GlobalSection(SolutionProperties) = preSolution
		HideSolutionNode = FALSE
	EndGlobalSection
	GlobalSection(ExtensibilityGlobals) = postSolution
		SolutionGuid = {3A046721-018E-45E9-AA94-063763F56D0A}
	EndGlobalSection
EndGlobal
